
Microsoft Visual Studio Solution File, Format Version 12.00
# Visual Studio Version 17
VisualStudioVersion = 17.4.33213.308
MinimumVisualStudioVersion = 10.0.40219.1
Project("{FAE04EC0-301F-11D3-BF4B-00C04F79EFBC}") = "практикумгит", "практикумгит\практикумгит.csproj", "{508FF480-B626-4B81-8200-F02E387E151E}"
EndProject
Global
	GlobalSection(SolutionConfigurationPlatforms) = preSolution
		Debug|Any CPU = Debug|Any CPU
		Release|Any CPU = Release|Any CPU
	EndGlobalSection
	GlobalSection(ProjectConfigurationPlatforms) = postSolution
		{508FF480-B626-4B81-8200-F02E387E151E}.Debug|Any CPU.ActiveCfg = Debug|Any CPU
		{508FF480-B626-4B81-8200-F02E387E151E}.Debug|Any CPU.Build.0 = Debug|Any CPU
		{508FF480-B626-4B81-8200-F02E387E151E}.Release|Any CPU.ActiveCfg = Release|Any CPU
		{508FF480-B626-4B81-8200-F02E387E151E}.Release|Any CPU.Build.0 = Release|Any CPU
	EndGlobalSection
	GlobalSection(SolutionProperties) = preSolution
		HideSolutionNode = FALSE
	EndGlobalSection
	GlobalSection(ExtensibilityGlobals) = postSolution
		SolutionGuid = {D5A6290D-BD32-4D79-9CEF-F851D9D2BB96}
	EndGlobalSection
EndGlobal
